<?xml version="1.0" encoding="utf-8"?>
<Project ToolsVersion="4.0" xmlns="http://schemas.microsoft.com/developer/msbuild/2003">
  <ItemGroup>
    <Filter Include="Pliki źródłowe">
      <UniqueIdentifier>{4FC737F1-C7A5-4376-A066-2A32D752A2FF}</UniqueIdentifier>
      <Extensions>cpp;c;cc;cxx;c++;cppm;ixx;def;odl;idl;hpj;bat;asm;asmx</Extensions>
    </Filter>
    <Filter Include="Pliki nagłówkowe">
      <UniqueIdentifier>{93995380-89BD-4b04-88EB-625FBE52EBFB}</UniqueIdentifier>
      <Extensions>h;hh;hpp;hxx;h++;hm;inl;inc;ipp;xsd</Extensions>
    </Filter>
    <Filter Include="Pliki zasobów">
      <UniqueIdentifier>{67DA6AB6-F800-4c08-8B7A-83BB121AAD01}</UniqueIdentifier>
      <Extensions>rc;ico;cur;bmp;dlg;rc2;rct;bin;rgs;gif;jpg;jpeg;jpe;resx;tiff;tif;png;wav;mfcribbon-ms</Extensions>
    </Filter>
    <Filter Include="Pliki źródłowe\MainFrame">
      <UniqueIdentifier>{15eeecc5-8223-4e76-b978-c1d5eb228490}</UniqueIdentifier>
    </Filter>
    <Filter Include="Pliki nagłówkowe\MainFrame">
      <UniqueIdentifier>{785b8bcb-a9ba-4d4a-b58f-929a05a8457d}</UniqueIdentifier>
    </Filter>
    <Filter Include="Pliki nagłówkowe\MainPanel">
      <UniqueIdentifier>{2c1dfeb6-dac7-4fa6-a6ae-5bc7fd29b50a}</UniqueIdentifier>
    </Filter>
    <Filter Include="Pliki źródłowe\MainPanel">
      <UniqueIdentifier>{e00e4950-6cd5-4e42-aa96-bed0f70675cb}</UniqueIdentifier>
    </Filter>
    <Filter Include="Pliki nagłówkowe\LoginPanel">
      <UniqueIdentifier>{bb2f6fe6-212a-4b8a-8138-81cc01fc451a}</UniqueIdentifier>
    </Filter>
    <Filter Include="Pliki źródłowe\LoginPanel">
      <UniqueIdentifier>{5940eaf5-37e6-4f4e-83a3-094499a4c9a1}</UniqueIdentifier>
    </Filter>
    <Filter Include="Pliki nagłówkowe\MyAccPanel">
      <UniqueIdentifier>{d4cadbc6-f297-4b3f-aff0-c2b2705d1b64}</UniqueIdentifier>
    </Filter>
    <Filter Include="Pliki źródłowe\MyAccPanel">
      <UniqueIdentifier>{c4e3a2db-2e00-447b-b9f1-3f7239388021}</UniqueIdentifier>
    </Filter>
    <Filter Include="Pliki zasobów\Users">
      <UniqueIdentifier>{eec680e0-c25e-4594-89e2-eff54de8f6c1}</UniqueIdentifier>
    </Filter>
    <Filter Include="Pliki zasobów\Games">
      <UniqueIdentifier>{2fc26235-75f8-4450-81bd-4557ad9a173b}</UniqueIdentifier>
    </Filter>
    <Filter Include="Pliki źródłowe\Models">
      <UniqueIdentifier>{11dcc3a3-50c2-41fd-80a5-4f3874c2a56e}</UniqueIdentifier>
    </Filter>
    <Filter Include="Pliki nagłówkowe\Models">
      <UniqueIdentifier>{0262a5c8-dcc5-454d-b84e-eb32371a9a6f}</UniqueIdentifier>
    </Filter>
    <Filter Include="Pliki źródłowe\CRUD">
      <UniqueIdentifier>{6ffd1562-eabc-4fb7-9eb9-f46cb5f793c5}</UniqueIdentifier>
    </Filter>
    <Filter Include="Pliki nagłówkowe\CRUD">
      <UniqueIdentifier>{e1720c9b-216d-4e6d-ab2d-1d3e38b7e47d}</UniqueIdentifier>
    </Filter>
  </ItemGroup>
  <ItemGroup>
    <ClCompile Include="App.cpp">
      <Filter>Pliki źródłowe</Filter>
    </ClCompile>
    <ClCompile Include="MainFrame.cpp">
      <Filter>Pliki źródłowe\MainFrame</Filter>
    </ClCompile>
    <ClCompile Include="MainPanel.cpp">
      <Filter>Pliki źródłowe\MainPanel</Filter>
    </ClCompile>
    <ClCompile Include="LoginPanel.cpp">
      <Filter>Pliki źródłowe\LoginPanel</Filter>
    </ClCompile>
    <ClCompile Include="MyAccPanel.cpp">
      <Filter>Pliki źródłowe\MyAccPanel</Filter>
    </ClCompile>
    <ClCompile Include="Game.cpp">
      <Filter>Pliki źródłowe\Models</Filter>
    </ClCompile>
    <ClCompile Include="MainFrame_Logic.cpp">
      <Filter>Pliki źródłowe\MainFrame</Filter>
    </ClCompile>
    <ClCompile Include="UserCRUD.cpp">
      <Filter>Pliki źródłowe\CRUD</Filter>
    </ClCompile>
    <ClCompile Include="GameCRUD.cpp">
      <Filter>Pliki źródłowe\CRUD</Filter>
    </ClCompile>
    <ClCompile Include="MainFrame_Controller.cpp">
      <Filter>Pliki źródłowe\MainFrame</Filter>
    </ClCompile>
    <ClCompile Include="MainPanel_Controller.cpp">
      <Filter>Pliki źródłowe\MainPanel</Filter>
    </ClCompile>
    <ClCompile Include="MainPanel_Logic.cpp">
      <Filter>Pliki źródłowe\MainPanel</Filter>
    </ClCompile>
    <ClCompile Include="Style.cpp">
      <Filter>Pliki źródłowe</Filter>
    </ClCompile>
  </ItemGroup>
  <ItemGroup>
    <ClInclude Include="MainFrame.h">
      <Filter>Pliki nagłówkowe\MainFrame</Filter>
    </ClInclude>
    <ClInclude Include="MainPanel.h">
      <Filter>Pliki nagłówkowe\MainPanel</Filter>
    </ClInclude>
    <ClInclude Include="LoginPanel.h">
      <Filter>Pliki nagłówkowe\LoginPanel</Filter>
    </ClInclude>
    <ClInclude Include="MyAccPanel.h">
      <Filter>Pliki nagłówkowe\MyAccPanel</Filter>
    </ClInclude>
    <ClInclude Include="Game.h">
      <Filter>Pliki nagłówkowe\Models</Filter>
    </ClInclude>
    <ClInclude Include="MainFrame_Logic.h">
      <Filter>Pliki nagłówkowe\MainFrame</Filter>
    </ClInclude>
    <ClInclude Include="UserCRUD.h">
      <Filter>Pliki nagłówkowe\CRUD</Filter>
    </ClInclude>
    <ClInclude Include="GameCRUD.h">
      <Filter>Pliki nagłówkowe\CRUD</Filter>
    </ClInclude>
    <ClInclude Include="MainFrame_Controller.h">
      <Filter>Pliki nagłówkowe\MainFrame</Filter>
    </ClInclude>
    <ClInclude Include="json.hpp">
      <Filter>Pliki nagłówkowe</Filter>
    </ClInclude>
    <ClInclude Include="Style.h">
      <Filter>Pliki nagłówkowe</Filter>
    </ClInclude>
    <ClInclude Include="MainPanel_Controller.h">
      <Filter>Pliki nagłówkowe\MainPanel</Filter>
    </ClInclude>
    <ClInclude Include="MainPanel_Logic.h">
      <Filter>Pliki nagłówkowe\MainPanel</Filter>
    </ClInclude>
  </ItemGroup>
  <ItemGroup>
    <None Include="..\.gitignore" />
    <None Include="..\README.md" />
  </ItemGroup>
  <ItemGroup>
    <Text Include="Games\statki.json">
      <Filter>Pliki zasobów\Games</Filter>
    </Text>
    <Text Include="Games\domino.json">
      <Filter>Pliki zasobów\Games</Filter>
    </Text>
    <Text Include="Games\szachy.json">
      <Filter>Pliki zasobów\Games</Filter>
    </Text>
    <Text Include="Games\uno.json">
      <Filter>Pliki zasobów\Games</Filter>
    </Text>
    <Text Include="Users\_logged.txt">
      <Filter>Pliki zasobów\Users</Filter>
    </Text>
    <Text Include="Games\bierki.json">
      <Filter>Pliki zasobów\Games</Filter>
    </Text>
  </ItemGroup>
</Project>